
Microsoft Visual Studio Solution File, Format Version 12.00
# Visual Studio 15
VisualStudioVersion = 15.0.28010.2046
MinimumVisualStudioVersion = 10.0.40219.1
Project("{E24C65DC-7377-472B-9ABA-BC803B73C61A}") = "MyCloudSite.Web", "MyCloudSite.Web\", "{9B8B06ED-2BFF-4B56-91C4-E8FF66EDF1C8}"
	ProjectSection(WebsiteProperties) = preProject
		TargetFrameworkMoniker = ".NETFramework,Version%3Dv4.7.2"
		Debug.AspNetCompiler.VirtualPath = "/localhost_6414"
		Debug.AspNetCompiler.PhysicalPath = "MyCloudSite.Web\"
		Debug.AspNetCompiler.TargetPath = "PrecompiledWeb\localhost_6414\"
		Debug.AspNetCompiler.Updateable = "true"
		Debug.AspNetCompiler.ForceOverwrite = "true"
		Debug.AspNetCompiler.FixedNames = "false"
		Debug.AspNetCompiler.Debug = "True"
		Release.AspNetCompiler.VirtualPath = "/localhost_6414"
		Release.AspNetCompiler.PhysicalPath = "MyCloudSite.Web\"
		Release.AspNetCompiler.TargetPath = "PrecompiledWeb\localhost_6414\"
		Release.AspNetCompiler.Updateable = "true"
		Release.AspNetCompiler.ForceOverwrite = "true"
		Release.AspNetCompiler.FixedNames = "false"
		Release.AspNetCompiler.Debug = "False"
		VWDPort = "6414"
		SlnRelativePath = "MyCloudSite.Web\"
		DefaultWebSiteLanguage = "Visual C#"
	EndProjectSection
	ProjectSection(ProjectDependencies) = postProject
		{4C537403-B0A2-407B-8821-F0B0C13DF0A3} = {4C537403-B0A2-407B-8821-F0B0C13DF0A3}
	EndProjectSection
EndProject
Project("{9A19103F-16F7-4668-BE54-9A1E7A4F7556}") = "MyCloudSite.Core", "MyCloudSite.Core\MyCloudSite.Core.csproj", "{4C537403-B0A2-407B-8821-F0B0C13DF0A3}"
EndProject
Global
	GlobalSection(SolutionConfigurationPlatforms) = preSolution
		Debug|Any CPU = Debug|Any CPU
		Release|Any CPU = Release|Any CPU
	EndGlobalSection
	GlobalSection(ProjectConfigurationPlatforms) = postSolution
		{9B8B06ED-2BFF-4B56-91C4-E8FF66EDF1C8}.Debug|Any CPU.ActiveCfg = Debug|Any CPU
		{9B8B06ED-2BFF-4B56-91C4-E8FF66EDF1C8}.Release|Any CPU.ActiveCfg = Debug|Any CPU
		{4C537403-B0A2-407B-8821-F0B0C13DF0A3}.Debug|Any CPU.ActiveCfg = Debug|Any CPU
		{4C537403-B0A2-407B-8821-F0B0C13DF0A3}.Debug|Any CPU.Build.0 = Debug|Any CPU
		{4C537403-B0A2-407B-8821-F0B0C13DF0A3}.Release|Any CPU.ActiveCfg = Release|Any CPU
		{4C537403-B0A2-407B-8821-F0B0C13DF0A3}.Release|Any CPU.Build.0 = Release|Any CPU
	EndGlobalSection
	GlobalSection(SolutionProperties) = preSolution
		HideSolutionNode = FALSE
	EndGlobalSection
	GlobalSection(ExtensibilityGlobals) = postSolution
		SolutionGuid = {BF4E33BA-2F31-4446-B4BB-0F292EE79115}
	EndGlobalSection
EndGlobal
